
Microsoft Visual Studio Solution File, Format Version 12.00
# Visual Studio Version 17
VisualStudioVersion = 17.0.32014.148
MinimumVisualStudioVersion = 10.0.40219.1
Project("{FAE04EC0-301F-11D3-BF4B-00C04F79EFBC}") = "carclass", "carclass\carclass.csproj", "{A42B26A1-CCB0-4B5B-AECF-617B3632A475}"
EndProject
Global
	GlobalSection(SolutionConfigurationPlatforms) = preSolution
		Debug|Any CPU = Debug|Any CPU
		Release|Any CPU = Release|Any CPU
	EndGlobalSection
	GlobalSection(ProjectConfigurationPlatforms) = postSolution
		{A42B26A1-CCB0-4B5B-AECF-617B3632A475}.Debug|Any CPU.ActiveCfg = Debug|Any CPU
		{A42B26A1-CCB0-4B5B-AECF-617B3632A475}.Debug|Any CPU.Build.0 = Debug|Any CPU
		{A42B26A1-CCB0-4B5B-AECF-617B3632A475}.Release|Any CPU.ActiveCfg = Release|Any CPU
		{A42B26A1-CCB0-4B5B-AECF-617B3632A475}.Release|Any CPU.Build.0 = Release|Any CPU
	EndGlobalSection
	GlobalSection(SolutionProperties) = preSolution
		HideSolutionNode = FALSE
	EndGlobalSection
	GlobalSection(ExtensibilityGlobals) = postSolution
		SolutionGuid = {97808380-87CB-4FF4-81AD-4D35747CCE61}
	EndGlobalSection
EndGlobal
