
Microsoft Visual Studio Solution File, Format Version 12.00
# Visual Studio Version 17
VisualStudioVersion = 17.0.32014.148
MinimumVisualStudioVersion = 10.0.40219.1
Project("{FAE04EC0-301F-11D3-BF4B-00C04F79EFBC}") = "test", "test.csproj", "{DA2D7062-6D3F-4B54-8253-04E6C5CE35A0}"
EndProject
Global
	GlobalSection(SolutionConfigurationPlatforms) = preSolution
		Debug|Any CPU = Debug|Any CPU
		Release|Any CPU = Release|Any CPU
	EndGlobalSection
	GlobalSection(ProjectConfigurationPlatforms) = postSolution
		{DA2D7062-6D3F-4B54-8253-04E6C5CE35A0}.Debug|Any CPU.ActiveCfg = Debug|Any CPU
		{DA2D7062-6D3F-4B54-8253-04E6C5CE35A0}.Debug|Any CPU.Build.0 = Debug|Any CPU
		{DA2D7062-6D3F-4B54-8253-04E6C5CE35A0}.Release|Any CPU.ActiveCfg = Release|Any CPU
		{DA2D7062-6D3F-4B54-8253-04E6C5CE35A0}.Release|Any CPU.Build.0 = Release|Any CPU
	EndGlobalSection
	GlobalSection(SolutionProperties) = preSolution
		HideSolutionNode = FALSE
	EndGlobalSection
	GlobalSection(ExtensibilityGlobals) = postSolution
		SolutionGuid = {1F3086F6-B633-4519-ACCB-63532CC47366}
	EndGlobalSection
EndGlobal
