
Microsoft Visual Studio Solution File, Format Version 12.00
# Visual Studio Version 17
VisualStudioVersion = 17.0.32014.148
MinimumVisualStudioVersion = 10.0.40219.1
Project("{FAE04EC0-301F-11D3-BF4B-00C04F79EFBC}") = "Iterating", "Iterating\Iterating.csproj", "{1DD2A584-5660-4CCA-813D-6EA2EF2D6664}"
EndProject
Global
	GlobalSection(SolutionConfigurationPlatforms) = preSolution
		Debug|Any CPU = Debug|Any CPU
		Release|Any CPU = Release|Any CPU
	EndGlobalSection
	GlobalSection(ProjectConfigurationPlatforms) = postSolution
		{1DD2A584-5660-4CCA-813D-6EA2EF2D6664}.Debug|Any CPU.ActiveCfg = Debug|Any CPU
		{1DD2A584-5660-4CCA-813D-6EA2EF2D6664}.Debug|Any CPU.Build.0 = Debug|Any CPU
		{1DD2A584-5660-4CCA-813D-6EA2EF2D6664}.Release|Any CPU.ActiveCfg = Release|Any CPU
		{1DD2A584-5660-4CCA-813D-6EA2EF2D6664}.Release|Any CPU.Build.0 = Release|Any CPU
	EndGlobalSection
	GlobalSection(SolutionProperties) = preSolution
		HideSolutionNode = FALSE
	EndGlobalSection
	GlobalSection(ExtensibilityGlobals) = postSolution
		SolutionGuid = {D0799C68-20B5-443F-BAD4-4876BFD3BE75}
	EndGlobalSection
EndGlobal
