
Microsoft Visual Studio Solution File, Format Version 12.00
# Visual Studio Version 17
VisualStudioVersion = 17.0.32014.148
MinimumVisualStudioVersion = 10.0.40219.1
Project("{FAE04EC0-301F-11D3-BF4B-00C04F79EFBC}") = "fieldsandproperties", "fieldsandproperties\fieldsandproperties.csproj", "{68FBFBF9-CF5E-4FB9-9A21-172943CD52EF}"
EndProject
Global
	GlobalSection(SolutionConfigurationPlatforms) = preSolution
		Debug|Any CPU = Debug|Any CPU
		Release|Any CPU = Release|Any CPU
	EndGlobalSection
	GlobalSection(ProjectConfigurationPlatforms) = postSolution
		{68FBFBF9-CF5E-4FB9-9A21-172943CD52EF}.Debug|Any CPU.ActiveCfg = Debug|Any CPU
		{68FBFBF9-CF5E-4FB9-9A21-172943CD52EF}.Debug|Any CPU.Build.0 = Debug|Any CPU
		{68FBFBF9-CF5E-4FB9-9A21-172943CD52EF}.Release|Any CPU.ActiveCfg = Release|Any CPU
		{68FBFBF9-CF5E-4FB9-9A21-172943CD52EF}.Release|Any CPU.Build.0 = Release|Any CPU
	EndGlobalSection
	GlobalSection(SolutionProperties) = preSolution
		HideSolutionNode = FALSE
	EndGlobalSection
	GlobalSection(ExtensibilityGlobals) = postSolution
		SolutionGuid = {723EFE1E-4A8D-408B-8287-31A94CDBB092}
	EndGlobalSection
EndGlobal
