
Microsoft Visual Studio Solution File, Format Version 12.00
# Visual Studio Version 17
VisualStudioVersion = 17.0.32014.148
MinimumVisualStudioVersion = 10.0.40219.1
Project("{FAE04EC0-301F-11D3-BF4B-00C04F79EFBC}") = "Scholarship", "Scholarship\Scholarship.csproj", "{AC931D83-0957-40B9-B370-065EC323B50B}"
EndProject
Global
	GlobalSection(SolutionConfigurationPlatforms) = preSolution
		Debug|Any CPU = Debug|Any CPU
		Release|Any CPU = Release|Any CPU
	EndGlobalSection
	GlobalSection(ProjectConfigurationPlatforms) = postSolution
		{AC931D83-0957-40B9-B370-065EC323B50B}.Debug|Any CPU.ActiveCfg = Debug|Any CPU
		{AC931D83-0957-40B9-B370-065EC323B50B}.Debug|Any CPU.Build.0 = Debug|Any CPU
		{AC931D83-0957-40B9-B370-065EC323B50B}.Release|Any CPU.ActiveCfg = Release|Any CPU
		{AC931D83-0957-40B9-B370-065EC323B50B}.Release|Any CPU.Build.0 = Release|Any CPU
	EndGlobalSection
	GlobalSection(SolutionProperties) = preSolution
		HideSolutionNode = FALSE
	EndGlobalSection
	GlobalSection(ExtensibilityGlobals) = postSolution
		SolutionGuid = {C75AC321-1F2B-4ACA-BDDD-2CFD341C8BE1}
	EndGlobalSection
EndGlobal
