
Microsoft Visual Studio Solution File, Format Version 12.00
# Visual Studio Version 17
VisualStudioVersion = 17.0.32014.148
MinimumVisualStudioVersion = 10.0.40219.1
Project("{FAE04EC0-301F-11D3-BF4B-00C04F79EFBC}") = "testphonebook", "testphonebook\testphonebook.csproj", "{EBF90CF1-D23A-458C-80D3-46CBCD6B34FB}"
EndProject
Global
	GlobalSection(SolutionConfigurationPlatforms) = preSolution
		Debug|Any CPU = Debug|Any CPU
		Release|Any CPU = Release|Any CPU
	EndGlobalSection
	GlobalSection(ProjectConfigurationPlatforms) = postSolution
		{EBF90CF1-D23A-458C-80D3-46CBCD6B34FB}.Debug|Any CPU.ActiveCfg = Debug|Any CPU
		{EBF90CF1-D23A-458C-80D3-46CBCD6B34FB}.Debug|Any CPU.Build.0 = Debug|Any CPU
		{EBF90CF1-D23A-458C-80D3-46CBCD6B34FB}.Release|Any CPU.ActiveCfg = Release|Any CPU
		{EBF90CF1-D23A-458C-80D3-46CBCD6B34FB}.Release|Any CPU.Build.0 = Release|Any CPU
	EndGlobalSection
	GlobalSection(SolutionProperties) = preSolution
		HideSolutionNode = FALSE
	EndGlobalSection
	GlobalSection(ExtensibilityGlobals) = postSolution
		SolutionGuid = {10FF6205-015C-4F45-BEF9-E0190764C075}
	EndGlobalSection
EndGlobal
