
Microsoft Visual Studio Solution File, Format Version 12.00
# Visual Studio Version 17
VisualStudioVersion = 17.0.32014.148
MinimumVisualStudioVersion = 10.0.40219.1
Project("{9A19103F-16F7-4668-BE54-9A1E7A4F7556}") = "ClassGroupWorkAirlineReservationSystem2", "ClassGroupWorkAirlineReservationSystem2\ClassGroupWorkAirlineReservationSystem2.csproj", "{A74F515E-BD9A-4190-A6D4-025D02042F11}"
EndProject
Project("{FAE04EC0-301F-11D3-BF4B-00C04F79EFBC}") = "TestProject1", "TestProject1\TestProject1.csproj", "{B5306500-94F4-47D2-BA52-D3D311045187}"
EndProject
Global
	GlobalSection(SolutionConfigurationPlatforms) = preSolution
		Debug|Any CPU = Debug|Any CPU
		Release|Any CPU = Release|Any CPU
	EndGlobalSection
	GlobalSection(ProjectConfigurationPlatforms) = postSolution
		{A74F515E-BD9A-4190-A6D4-025D02042F11}.Debug|Any CPU.ActiveCfg = Debug|Any CPU
		{A74F515E-BD9A-4190-A6D4-025D02042F11}.Debug|Any CPU.Build.0 = Debug|Any CPU
		{A74F515E-BD9A-4190-A6D4-025D02042F11}.Release|Any CPU.ActiveCfg = Release|Any CPU
		{A74F515E-BD9A-4190-A6D4-025D02042F11}.Release|Any CPU.Build.0 = Release|Any CPU
		{B5306500-94F4-47D2-BA52-D3D311045187}.Debug|Any CPU.ActiveCfg = Debug|Any CPU
		{B5306500-94F4-47D2-BA52-D3D311045187}.Debug|Any CPU.Build.0 = Debug|Any CPU
		{B5306500-94F4-47D2-BA52-D3D311045187}.Release|Any CPU.ActiveCfg = Release|Any CPU
		{B5306500-94F4-47D2-BA52-D3D311045187}.Release|Any CPU.Build.0 = Release|Any CPU
	EndGlobalSection
	GlobalSection(SolutionProperties) = preSolution
		HideSolutionNode = FALSE
	EndGlobalSection
	GlobalSection(ExtensibilityGlobals) = postSolution
		SolutionGuid = {4ACE2AF8-A598-4A57-B8E9-F552BA32E6AB}
	EndGlobalSection
EndGlobal
