
Microsoft Visual Studio Solution File, Format Version 12.00
# Visual Studio Version 17
VisualStudioVersion = 17.0.32014.148
MinimumVisualStudioVersion = 10.0.40219.1
Project("{FAE04EC0-301F-11D3-BF4B-00C04F79EFBC}") = "SimcardApp", "SimcardApp\SimcardApp.csproj", "{804ED493-A7AE-4EE5-8994-97C83C4387A6}"
EndProject
Project("{FAE04EC0-301F-11D3-BF4B-00C04F79EFBC}") = "UnitTestSimApp", "UnitTestSimApp\UnitTestSimApp.csproj", "{897D348A-D260-4A28-B160-21AB8398CC6B}"
EndProject
Global
	GlobalSection(SolutionConfigurationPlatforms) = preSolution
		Debug|Any CPU = Debug|Any CPU
		Release|Any CPU = Release|Any CPU
	EndGlobalSection
	GlobalSection(ProjectConfigurationPlatforms) = postSolution
		{804ED493-A7AE-4EE5-8994-97C83C4387A6}.Debug|Any CPU.ActiveCfg = Debug|Any CPU
		{804ED493-A7AE-4EE5-8994-97C83C4387A6}.Debug|Any CPU.Build.0 = Debug|Any CPU
		{804ED493-A7AE-4EE5-8994-97C83C4387A6}.Release|Any CPU.ActiveCfg = Release|Any CPU
		{804ED493-A7AE-4EE5-8994-97C83C4387A6}.Release|Any CPU.Build.0 = Release|Any CPU
		{897D348A-D260-4A28-B160-21AB8398CC6B}.Debug|Any CPU.ActiveCfg = Debug|Any CPU
		{897D348A-D260-4A28-B160-21AB8398CC6B}.Debug|Any CPU.Build.0 = Debug|Any CPU
		{897D348A-D260-4A28-B160-21AB8398CC6B}.Release|Any CPU.ActiveCfg = Release|Any CPU
		{897D348A-D260-4A28-B160-21AB8398CC6B}.Release|Any CPU.Build.0 = Release|Any CPU
	EndGlobalSection
	GlobalSection(SolutionProperties) = preSolution
		HideSolutionNode = FALSE
	EndGlobalSection
	GlobalSection(ExtensibilityGlobals) = postSolution
		SolutionGuid = {90B45C47-D41E-49E2-9203-B082EFF432A2}
	EndGlobalSection
EndGlobal
