
Microsoft Visual Studio Solution File, Format Version 12.00
# Visual Studio Version 17
VisualStudioVersion = 17.0.32014.148
MinimumVisualStudioVersion = 10.0.40219.1
Project("{FAE04EC0-301F-11D3-BF4B-00C04F79EFBC}") = "properties", "properties\properties.csproj", "{340D457C-6CCB-489A-955C-08F61EDA1957}"
EndProject
Global
	GlobalSection(SolutionConfigurationPlatforms) = preSolution
		Debug|Any CPU = Debug|Any CPU
		Release|Any CPU = Release|Any CPU
	EndGlobalSection
	GlobalSection(ProjectConfigurationPlatforms) = postSolution
		{340D457C-6CCB-489A-955C-08F61EDA1957}.Debug|Any CPU.ActiveCfg = Debug|Any CPU
		{340D457C-6CCB-489A-955C-08F61EDA1957}.Debug|Any CPU.Build.0 = Debug|Any CPU
		{340D457C-6CCB-489A-955C-08F61EDA1957}.Release|Any CPU.ActiveCfg = Release|Any CPU
		{340D457C-6CCB-489A-955C-08F61EDA1957}.Release|Any CPU.Build.0 = Release|Any CPU
	EndGlobalSection
	GlobalSection(SolutionProperties) = preSolution
		HideSolutionNode = FALSE
	EndGlobalSection
	GlobalSection(ExtensibilityGlobals) = postSolution
		SolutionGuid = {F7E6EFAD-0910-4B50-B1C6-72E30D8EDA0E}
	EndGlobalSection
EndGlobal
