
Microsoft Visual Studio Solution File, Format Version 12.00
# Visual Studio Version 17
VisualStudioVersion = 17.0.32014.148
MinimumVisualStudioVersion = 10.0.40219.1
Project("{FAE04EC0-301F-11D3-BF4B-00C04F79EFBC}") = "linqsamples", "linqsamples\linqsamples.csproj", "{14D75F03-28EA-410C-88AF-8106855F9934}"
EndProject
Global
	GlobalSection(SolutionConfigurationPlatforms) = preSolution
		Debug|Any CPU = Debug|Any CPU
		Release|Any CPU = Release|Any CPU
	EndGlobalSection
	GlobalSection(ProjectConfigurationPlatforms) = postSolution
		{14D75F03-28EA-410C-88AF-8106855F9934}.Debug|Any CPU.ActiveCfg = Debug|Any CPU
		{14D75F03-28EA-410C-88AF-8106855F9934}.Debug|Any CPU.Build.0 = Debug|Any CPU
		{14D75F03-28EA-410C-88AF-8106855F9934}.Release|Any CPU.ActiveCfg = Release|Any CPU
		{14D75F03-28EA-410C-88AF-8106855F9934}.Release|Any CPU.Build.0 = Release|Any CPU
	EndGlobalSection
	GlobalSection(SolutionProperties) = preSolution
		HideSolutionNode = FALSE
	EndGlobalSection
	GlobalSection(ExtensibilityGlobals) = postSolution
		SolutionGuid = {7025ED27-33F0-413E-AFFA-9A81500836A6}
	EndGlobalSection
EndGlobal
