
Microsoft Visual Studio Solution File, Format Version 12.00
# Visual Studio Version 17
VisualStudioVersion = 17.0.32014.148
MinimumVisualStudioVersion = 10.0.40219.1
Project("{FAE04EC0-301F-11D3-BF4B-00C04F79EFBC}") = "Linq2", "Linq2\Linq2.csproj", "{9440954F-35B6-485F-BD94-AA2089E5378E}"
EndProject
Global
	GlobalSection(SolutionConfigurationPlatforms) = preSolution
		Debug|Any CPU = Debug|Any CPU
		Release|Any CPU = Release|Any CPU
	EndGlobalSection
	GlobalSection(ProjectConfigurationPlatforms) = postSolution
		{9440954F-35B6-485F-BD94-AA2089E5378E}.Debug|Any CPU.ActiveCfg = Debug|Any CPU
		{9440954F-35B6-485F-BD94-AA2089E5378E}.Debug|Any CPU.Build.0 = Debug|Any CPU
		{9440954F-35B6-485F-BD94-AA2089E5378E}.Release|Any CPU.ActiveCfg = Release|Any CPU
		{9440954F-35B6-485F-BD94-AA2089E5378E}.Release|Any CPU.Build.0 = Release|Any CPU
	EndGlobalSection
	GlobalSection(SolutionProperties) = preSolution
		HideSolutionNode = FALSE
	EndGlobalSection
	GlobalSection(ExtensibilityGlobals) = postSolution
		SolutionGuid = {D24868D5-8F21-4885-9847-A86D2871F489}
	EndGlobalSection
EndGlobal
