
Microsoft Visual Studio Solution File, Format Version 12.00
# Visual Studio Version 17
VisualStudioVersion = 17.0.32014.148
MinimumVisualStudioVersion = 10.0.40219.1
Project("{FAE04EC0-301F-11D3-BF4B-00C04F79EFBC}") = "Library app john", "Library app john\Library app john.csproj", "{0CCFCE57-CFBB-45D6-BE87-FE601CAEE34A}"
EndProject
Global
	GlobalSection(SolutionConfigurationPlatforms) = preSolution
		Debug|Any CPU = Debug|Any CPU
		Release|Any CPU = Release|Any CPU
	EndGlobalSection
	GlobalSection(ProjectConfigurationPlatforms) = postSolution
		{0CCFCE57-CFBB-45D6-BE87-FE601CAEE34A}.Debug|Any CPU.ActiveCfg = Debug|Any CPU
		{0CCFCE57-CFBB-45D6-BE87-FE601CAEE34A}.Debug|Any CPU.Build.0 = Debug|Any CPU
		{0CCFCE57-CFBB-45D6-BE87-FE601CAEE34A}.Release|Any CPU.ActiveCfg = Release|Any CPU
		{0CCFCE57-CFBB-45D6-BE87-FE601CAEE34A}.Release|Any CPU.Build.0 = Release|Any CPU
	EndGlobalSection
	GlobalSection(SolutionProperties) = preSolution
		HideSolutionNode = FALSE
	EndGlobalSection
	GlobalSection(ExtensibilityGlobals) = postSolution
		SolutionGuid = {428B8438-52DE-4129-BDE0-5717C781FB58}
	EndGlobalSection
EndGlobal
