
Microsoft Visual Studio Solution File, Format Version 12.00
# Visual Studio Version 17
VisualStudioVersion = 17.0.32014.148
MinimumVisualStudioVersion = 10.0.40219.1
Project("{FAE04EC0-301F-11D3-BF4B-00C04F79EFBC}") = "SearchEngine3", "SearchEngine3\SearchEngine3.csproj", "{A2684D18-0A1C-41A4-877B-41088D157969}"
EndProject
Project("{FAE04EC0-301F-11D3-BF4B-00C04F79EFBC}") = "SearchEngine3Test", "SearchEngine3Test\SearchEngine3Test.csproj", "{8C16168C-2CBE-4D3D-9DF3-5F78F744F9A4}"
EndProject
Global
	GlobalSection(SolutionConfigurationPlatforms) = preSolution
		Debug|Any CPU = Debug|Any CPU
		Release|Any CPU = Release|Any CPU
	EndGlobalSection
	GlobalSection(ProjectConfigurationPlatforms) = postSolution
		{A2684D18-0A1C-41A4-877B-41088D157969}.Debug|Any CPU.ActiveCfg = Debug|Any CPU
		{A2684D18-0A1C-41A4-877B-41088D157969}.Debug|Any CPU.Build.0 = Debug|Any CPU
		{A2684D18-0A1C-41A4-877B-41088D157969}.Release|Any CPU.ActiveCfg = Release|Any CPU
		{A2684D18-0A1C-41A4-877B-41088D157969}.Release|Any CPU.Build.0 = Release|Any CPU
		{8C16168C-2CBE-4D3D-9DF3-5F78F744F9A4}.Debug|Any CPU.ActiveCfg = Debug|Any CPU
		{8C16168C-2CBE-4D3D-9DF3-5F78F744F9A4}.Debug|Any CPU.Build.0 = Debug|Any CPU
		{8C16168C-2CBE-4D3D-9DF3-5F78F744F9A4}.Release|Any CPU.ActiveCfg = Release|Any CPU
		{8C16168C-2CBE-4D3D-9DF3-5F78F744F9A4}.Release|Any CPU.Build.0 = Release|Any CPU
	EndGlobalSection
	GlobalSection(SolutionProperties) = preSolution
		HideSolutionNode = FALSE
	EndGlobalSection
	GlobalSection(ExtensibilityGlobals) = postSolution
		SolutionGuid = {AF94193E-D1CB-47D1-84BB-F862BB8FC92E}
	EndGlobalSection
EndGlobal
