
Microsoft Visual Studio Solution File, Format Version 12.00
# Visual Studio Version 17
VisualStudioVersion = 17.0.32014.148
MinimumVisualStudioVersion = 10.0.40219.1
Project("{F184B08F-C81C-45F6-A57F-5ABD9991F28F}") = "hello world", "hello world.vbproj", "{1C4E5804-06D9-4649-9EB9-3DCEA9B65ACC}"
EndProject
Global
	GlobalSection(SolutionConfigurationPlatforms) = preSolution
		Debug|Any CPU = Debug|Any CPU
		Release|Any CPU = Release|Any CPU
	EndGlobalSection
	GlobalSection(ProjectConfigurationPlatforms) = postSolution
		{1C4E5804-06D9-4649-9EB9-3DCEA9B65ACC}.Debug|Any CPU.ActiveCfg = Debug|Any CPU
		{1C4E5804-06D9-4649-9EB9-3DCEA9B65ACC}.Debug|Any CPU.Build.0 = Debug|Any CPU
		{1C4E5804-06D9-4649-9EB9-3DCEA9B65ACC}.Release|Any CPU.ActiveCfg = Release|Any CPU
		{1C4E5804-06D9-4649-9EB9-3DCEA9B65ACC}.Release|Any CPU.Build.0 = Release|Any CPU
	EndGlobalSection
	GlobalSection(SolutionProperties) = preSolution
		HideSolutionNode = FALSE
	EndGlobalSection
	GlobalSection(ExtensibilityGlobals) = postSolution
		SolutionGuid = {FADB3868-9DC4-4267-941D-D5EEEE79AD83}
	EndGlobalSection
EndGlobal
