
Microsoft Visual Studio Solution File, Format Version 12.00
# Visual Studio Version 17
VisualStudioVersion = 17.0.32014.148
MinimumVisualStudioVersion = 10.0.40219.1
Project("{FAE04EC0-301F-11D3-BF4B-00C04F79EFBC}") = "dictionary", "dictionary\dictionary.csproj", "{B5785F9A-4DD7-4EA0-9664-83C0264FBFAF}"
EndProject
Global
	GlobalSection(SolutionConfigurationPlatforms) = preSolution
		Debug|Any CPU = Debug|Any CPU
		Release|Any CPU = Release|Any CPU
	EndGlobalSection
	GlobalSection(ProjectConfigurationPlatforms) = postSolution
		{B5785F9A-4DD7-4EA0-9664-83C0264FBFAF}.Debug|Any CPU.ActiveCfg = Debug|Any CPU
		{B5785F9A-4DD7-4EA0-9664-83C0264FBFAF}.Debug|Any CPU.Build.0 = Debug|Any CPU
		{B5785F9A-4DD7-4EA0-9664-83C0264FBFAF}.Release|Any CPU.ActiveCfg = Release|Any CPU
		{B5785F9A-4DD7-4EA0-9664-83C0264FBFAF}.Release|Any CPU.Build.0 = Release|Any CPU
	EndGlobalSection
	GlobalSection(SolutionProperties) = preSolution
		HideSolutionNode = FALSE
	EndGlobalSection
	GlobalSection(ExtensibilityGlobals) = postSolution
		SolutionGuid = {1EE41A96-2C58-454E-A3D6-E33A6B872B84}
	EndGlobalSection
EndGlobal
