
Microsoft Visual Studio Solution File, Format Version 12.00
# Visual Studio Version 17
VisualStudioVersion = 17.0.32014.148
MinimumVisualStudioVersion = 10.0.40219.1
Project("{FAE04EC0-301F-11D3-BF4B-00C04F79EFBC}") = "SearchEngine2", "SearchEngine2\SearchEngine2.csproj", "{75FC6249-0934-45A7-ABC0-32AA1CD94E47}"
EndProject
Project("{FAE04EC0-301F-11D3-BF4B-00C04F79EFBC}") = "SearchEngineTest", "SearchEngineTest\SearchEngineTest.csproj", "{43B769CC-87AF-4AAE-ACB8-2563035744A9}"
EndProject
Project("{FAE04EC0-301F-11D3-BF4B-00C04F79EFBC}") = "SearchEngineTest2", "SearchEngineTest2\SearchEngineTest2.csproj", "{7E085D0B-723F-4754-AC20-43FDD74BBD57}"
EndProject
Project("{FAE04EC0-301F-11D3-BF4B-00C04F79EFBC}") = "TestProject1", "TestProject1\TestProject1.csproj", "{C8347DFC-C5B4-4EBC-B386-CFC892F2F0FA}"
EndProject
Global
	GlobalSection(SolutionConfigurationPlatforms) = preSolution
		Debug|Any CPU = Debug|Any CPU
		Release|Any CPU = Release|Any CPU
	EndGlobalSection
	GlobalSection(ProjectConfigurationPlatforms) = postSolution
		{75FC6249-0934-45A7-ABC0-32AA1CD94E47}.Debug|Any CPU.ActiveCfg = Debug|Any CPU
		{75FC6249-0934-45A7-ABC0-32AA1CD94E47}.Debug|Any CPU.Build.0 = Debug|Any CPU
		{75FC6249-0934-45A7-ABC0-32AA1CD94E47}.Release|Any CPU.ActiveCfg = Release|Any CPU
		{75FC6249-0934-45A7-ABC0-32AA1CD94E47}.Release|Any CPU.Build.0 = Release|Any CPU
		{43B769CC-87AF-4AAE-ACB8-2563035744A9}.Debug|Any CPU.ActiveCfg = Debug|Any CPU
		{43B769CC-87AF-4AAE-ACB8-2563035744A9}.Debug|Any CPU.Build.0 = Debug|Any CPU
		{43B769CC-87AF-4AAE-ACB8-2563035744A9}.Release|Any CPU.ActiveCfg = Release|Any CPU
		{43B769CC-87AF-4AAE-ACB8-2563035744A9}.Release|Any CPU.Build.0 = Release|Any CPU
		{7E085D0B-723F-4754-AC20-43FDD74BBD57}.Debug|Any CPU.ActiveCfg = Debug|Any CPU
		{7E085D0B-723F-4754-AC20-43FDD74BBD57}.Debug|Any CPU.Build.0 = Debug|Any CPU
		{7E085D0B-723F-4754-AC20-43FDD74BBD57}.Release|Any CPU.ActiveCfg = Release|Any CPU
		{7E085D0B-723F-4754-AC20-43FDD74BBD57}.Release|Any CPU.Build.0 = Release|Any CPU
		{C8347DFC-C5B4-4EBC-B386-CFC892F2F0FA}.Debug|Any CPU.ActiveCfg = Debug|Any CPU
		{C8347DFC-C5B4-4EBC-B386-CFC892F2F0FA}.Debug|Any CPU.Build.0 = Debug|Any CPU
		{C8347DFC-C5B4-4EBC-B386-CFC892F2F0FA}.Release|Any CPU.ActiveCfg = Release|Any CPU
		{C8347DFC-C5B4-4EBC-B386-CFC892F2F0FA}.Release|Any CPU.Build.0 = Release|Any CPU
	EndGlobalSection
	GlobalSection(SolutionProperties) = preSolution
		HideSolutionNode = FALSE
	EndGlobalSection
	GlobalSection(ExtensibilityGlobals) = postSolution
		SolutionGuid = {1F3BAD5F-E5EE-4C57-A4C0-F7CDE62E2A17}
	EndGlobalSection
EndGlobal
